
Microsoft Visual Studio Solution File, Format Version 12.00
# Visual Studio Version 17
VisualStudioVersion = 17.12.35527.113 d17.12
MinimumVisualStudioVersion = 10.0.40219.1
Project("{FAE04EC0-301F-11D3-BF4B-00C04F79EFBC}") = "C#Personal_Task", "C#Personal_Task\C#Personal_Task.csproj", "{C575D864-14A6-4F85-99B0-8D6AF724AB2B}"
EndProject
Global
	GlobalSection(SolutionConfigurationPlatforms) = preSolution
		Debug|Any CPU = Debug|Any CPU
		Release|Any CPU = Release|Any CPU
	EndGlobalSection
	GlobalSection(ProjectConfigurationPlatforms) = postSolution
		{C575D864-14A6-4F85-99B0-8D6AF724AB2B}.Debug|Any CPU.ActiveCfg = Debug|Any CPU
		{C575D864-14A6-4F85-99B0-8D6AF724AB2B}.Debug|Any CPU.Build.0 = Debug|Any CPU
		{C575D864-14A6-4F85-99B0-8D6AF724AB2B}.Release|Any CPU.ActiveCfg = Release|Any CPU
		{C575D864-14A6-4F85-99B0-8D6AF724AB2B}.Release|Any CPU.Build.0 = Release|Any CPU
	EndGlobalSection
	GlobalSection(SolutionProperties) = preSolution
		HideSolutionNode = FALSE
	EndGlobalSection
EndGlobal
